{
  "name": "xmiot-template",
  "version": "1.0.12",
  "lockfileVersion": 1,
  "requires": true,
  "dependencies": {
    "xmiot-module2": {
      "version": "1.0.4",
      "resolved": "https://registry.npmjs.org/xmiot-module2/-/xmiot-module2-1.0.4.tgz",
      "integrity": "sha512-cK/ynxWZlOD4MrJ3Ai+DdbprgCCizE7Cv6jAprNE/DHBIIep3OWc91xfbTO8Bm6D1JpWli3a/P0C86Tu9rJtZA=="
    }
  }
}
